
Microsoft Visual Studio Solution File, Format Version 12.00
# Visual Studio Version 17
VisualStudioVersion = 17.2.32616.157
MinimumVisualStudioVersion = 10.0.40219.1
Project("{9A19103F-16F7-4668-BE54-9A1E7A4F7556}") = "Patterns", "Patterns\Patterns.csproj", "{973D23CC-D747-4AC7-80CD-0CA0DA0D859E}"
EndProject
Project("{2150E333-8FDC-42A3-9474-1A3956D46DE8}") = "Singleton_Multiton", "Singleton_Multiton", "{D2E93329-0E28-4F8F-935C-B261FC6D18A6}"
EndProject
Project("{9A19103F-16F7-4668-BE54-9A1E7A4F7556}") = "Singleton_Multiton", "SingletonLib\Singleton_Multiton.csproj", "{0EBBC9E5-3D77-4395-A967-6AF57A096BB9}"
EndProject
Project("{2150E333-8FDC-42A3-9474-1A3956D46DE8}") = "Factory_method", "Factory_method", "{D1492210-DEB1-4EB1-90E2-7F5304BC4F23}"
EndProject
Project("{9A19103F-16F7-4668-BE54-9A1E7A4F7556}") = "Factory_method", "FactoryMethod\Factory_method.csproj", "{3830FD42-8947-4BB3-BDC4-5035C7939082}"
EndProject
Project("{2150E333-8FDC-42A3-9474-1A3956D46DE8}") = "Builder", "Builder", "{FF43B7E0-82D7-41CA-BB57-51F669713B2B}"
EndProject
Project("{9A19103F-16F7-4668-BE54-9A1E7A4F7556}") = "Builder_pattern", "Builder_pattern\Builder_pattern.csproj", "{BE20D187-3E5B-4376-985F-42A6324A1F5A}"
EndProject
Project("{9A19103F-16F7-4668-BE54-9A1E7A4F7556}") = "EasyBuilder", "EasyBuilder\EasyBuilder.csproj", "{253480F3-38EA-40BB-98E3-565E4F94872D}"
EndProject
Project("{2150E333-8FDC-42A3-9474-1A3956D46DE8}") = "Object_pool", "Object_pool", "{01C945C8-E3FB-4DE8-9E5C-4949508F643D}"
EndProject
Project("{9A19103F-16F7-4668-BE54-9A1E7A4F7556}") = "ObjectPool", "ObjectPool\ObjectPool.csproj", "{9FAD9C13-0E72-44AD-B9CB-1D2FF76F7384}"
EndProject
Project("{2150E333-8FDC-42A3-9474-1A3956D46DE8}") = "Adapter", "Adapter", "{40C929C9-C617-497F-9266-3ECEBE248B1A}"
EndProject
Project("{FAE04EC0-301F-11D3-BF4B-00C04F79EFBC}") = "Adapter_Wrapper", "Adapter_Wrapper\Adapter_Wrapper.csproj", "{5A4DE519-C4AE-4A41-BC64-02AD48656A24}"
EndProject
Project("{2150E333-8FDC-42A3-9474-1A3956D46DE8}") = "Decorator", "Decorator", "{5865C7FE-CDA0-488A-9901-889DE422F36F}"
EndProject
Project("{FAE04EC0-301F-11D3-BF4B-00C04F79EFBC}") = "Decorator_pattern", "Decorator_pattern\Decorator_pattern.csproj", "{E49F5466-209A-4C96-9A81-DD2A7AA055FD}"
EndProject
Project("{2150E333-8FDC-42A3-9474-1A3956D46DE8}") = "Facade", "Facade", "{2599D14C-64CA-46B7-8F04-18BF866C48C3}"
EndProject
Project("{FAE04EC0-301F-11D3-BF4B-00C04F79EFBC}") = "Facade_pattern", "Facade_pattern\Facade_pattern.csproj", "{456886F1-9449-457B-BCDE-42841BFEBA70}"
EndProject
Project("{2150E333-8FDC-42A3-9474-1A3956D46DE8}") = "Visitor", "Visitor", "{DDA13AA2-EDF1-4E01-94EB-44377544D33E}"
EndProject
Project("{FAE04EC0-301F-11D3-BF4B-00C04F79EFBC}") = "Visitor_pattern", "Visitor_pattern\Visitor_pattern.csproj", "{698BF55C-2978-40B0-975B-FFC1DA3801D2}"
EndProject
Project("{2150E333-8FDC-42A3-9474-1A3956D46DE8}") = "Observer", "Observer", "{FFF13649-87CC-4B7E-8C74-6957D1CCE49E}"
EndProject
Project("{FAE04EC0-301F-11D3-BF4B-00C04F79EFBC}") = "Observer_pattern", "Observer_pattern\Observer_pattern.csproj", "{694E5F91-1CBA-4DE9-915E-76ECBBE006F0}"
EndProject
Project("{2150E333-8FDC-42A3-9474-1A3956D46DE8}") = "Chain_Of_Responsibility", "Chain_Of_Responsibility", "{501032FE-CB0D-4979-8292-839D132027F0}"
EndProject
Project("{FAE04EC0-301F-11D3-BF4B-00C04F79EFBC}") = "ChainOfResponsibility", "ChainOfResponsibility\ChainOfResponsibility.csproj", "{BE719331-248B-454D-91D3-F6BFC96E8E22}"
EndProject
Project("{2150E333-8FDC-42A3-9474-1A3956D46DE8}") = "Mediator", "Mediator", "{33D612ED-06C9-4392-84E8-7822A3C64498}"
EndProject
Project("{FAE04EC0-301F-11D3-BF4B-00C04F79EFBC}") = "Mediator_pattern", "Mediator_pattern\Mediator_pattern.csproj", "{0AA78A63-16F0-4D53-8363-374AB2D97549}"
EndProject
Global
	GlobalSection(SolutionConfigurationPlatforms) = preSolution
		Debug|Any CPU = Debug|Any CPU
		Release|Any CPU = Release|Any CPU
	EndGlobalSection
	GlobalSection(ProjectConfigurationPlatforms) = postSolution
		{973D23CC-D747-4AC7-80CD-0CA0DA0D859E}.Debug|Any CPU.ActiveCfg = Debug|Any CPU
		{973D23CC-D747-4AC7-80CD-0CA0DA0D859E}.Debug|Any CPU.Build.0 = Debug|Any CPU
		{973D23CC-D747-4AC7-80CD-0CA0DA0D859E}.Release|Any CPU.ActiveCfg = Release|Any CPU
		{973D23CC-D747-4AC7-80CD-0CA0DA0D859E}.Release|Any CPU.Build.0 = Release|Any CPU
		{0EBBC9E5-3D77-4395-A967-6AF57A096BB9}.Debug|Any CPU.ActiveCfg = Debug|Any CPU
		{0EBBC9E5-3D77-4395-A967-6AF57A096BB9}.Debug|Any CPU.Build.0 = Debug|Any CPU
		{0EBBC9E5-3D77-4395-A967-6AF57A096BB9}.Release|Any CPU.ActiveCfg = Release|Any CPU
		{0EBBC9E5-3D77-4395-A967-6AF57A096BB9}.Release|Any CPU.Build.0 = Release|Any CPU
		{3830FD42-8947-4BB3-BDC4-5035C7939082}.Debug|Any CPU.ActiveCfg = Debug|Any CPU
		{3830FD42-8947-4BB3-BDC4-5035C7939082}.Debug|Any CPU.Build.0 = Debug|Any CPU
		{3830FD42-8947-4BB3-BDC4-5035C7939082}.Release|Any CPU.ActiveCfg = Release|Any CPU
		{3830FD42-8947-4BB3-BDC4-5035C7939082}.Release|Any CPU.Build.0 = Release|Any CPU
		{BE20D187-3E5B-4376-985F-42A6324A1F5A}.Debug|Any CPU.ActiveCfg = Debug|Any CPU
		{BE20D187-3E5B-4376-985F-42A6324A1F5A}.Debug|Any CPU.Build.0 = Debug|Any CPU
		{BE20D187-3E5B-4376-985F-42A6324A1F5A}.Release|Any CPU.ActiveCfg = Release|Any CPU
		{BE20D187-3E5B-4376-985F-42A6324A1F5A}.Release|Any CPU.Build.0 = Release|Any CPU
		{253480F3-38EA-40BB-98E3-565E4F94872D}.Debug|Any CPU.ActiveCfg = Debug|Any CPU
		{253480F3-38EA-40BB-98E3-565E4F94872D}.Debug|Any CPU.Build.0 = Debug|Any CPU
		{253480F3-38EA-40BB-98E3-565E4F94872D}.Release|Any CPU.ActiveCfg = Release|Any CPU
		{253480F3-38EA-40BB-98E3-565E4F94872D}.Release|Any CPU.Build.0 = Release|Any CPU
		{9FAD9C13-0E72-44AD-B9CB-1D2FF76F7384}.Debug|Any CPU.ActiveCfg = Debug|Any CPU
		{9FAD9C13-0E72-44AD-B9CB-1D2FF76F7384}.Debug|Any CPU.Build.0 = Debug|Any CPU
		{9FAD9C13-0E72-44AD-B9CB-1D2FF76F7384}.Release|Any CPU.ActiveCfg = Release|Any CPU
		{9FAD9C13-0E72-44AD-B9CB-1D2FF76F7384}.Release|Any CPU.Build.0 = Release|Any CPU
		{5A4DE519-C4AE-4A41-BC64-02AD48656A24}.Debug|Any CPU.ActiveCfg = Debug|Any CPU
		{5A4DE519-C4AE-4A41-BC64-02AD48656A24}.Debug|Any CPU.Build.0 = Debug|Any CPU
		{5A4DE519-C4AE-4A41-BC64-02AD48656A24}.Release|Any CPU.ActiveCfg = Release|Any CPU
		{5A4DE519-C4AE-4A41-BC64-02AD48656A24}.Release|Any CPU.Build.0 = Release|Any CPU
		{E49F5466-209A-4C96-9A81-DD2A7AA055FD}.Debug|Any CPU.ActiveCfg = Debug|Any CPU
		{E49F5466-209A-4C96-9A81-DD2A7AA055FD}.Debug|Any CPU.Build.0 = Debug|Any CPU
		{E49F5466-209A-4C96-9A81-DD2A7AA055FD}.Release|Any CPU.ActiveCfg = Release|Any CPU
		{E49F5466-209A-4C96-9A81-DD2A7AA055FD}.Release|Any CPU.Build.0 = Release|Any CPU
		{456886F1-9449-457B-BCDE-42841BFEBA70}.Debug|Any CPU.ActiveCfg = Debug|Any CPU
		{456886F1-9449-457B-BCDE-42841BFEBA70}.Debug|Any CPU.Build.0 = Debug|Any CPU
		{456886F1-9449-457B-BCDE-42841BFEBA70}.Release|Any CPU.ActiveCfg = Release|Any CPU
		{456886F1-9449-457B-BCDE-42841BFEBA70}.Release|Any CPU.Build.0 = Release|Any CPU
		{698BF55C-2978-40B0-975B-FFC1DA3801D2}.Debug|Any CPU.ActiveCfg = Debug|Any CPU
		{698BF55C-2978-40B0-975B-FFC1DA3801D2}.Debug|Any CPU.Build.0 = Debug|Any CPU
		{698BF55C-2978-40B0-975B-FFC1DA3801D2}.Release|Any CPU.ActiveCfg = Release|Any CPU
		{698BF55C-2978-40B0-975B-FFC1DA3801D2}.Release|Any CPU.Build.0 = Release|Any CPU
		{694E5F91-1CBA-4DE9-915E-76ECBBE006F0}.Debug|Any CPU.ActiveCfg = Debug|Any CPU
		{694E5F91-1CBA-4DE9-915E-76ECBBE006F0}.Debug|Any CPU.Build.0 = Debug|Any CPU
		{694E5F91-1CBA-4DE9-915E-76ECBBE006F0}.Release|Any CPU.ActiveCfg = Release|Any CPU
		{694E5F91-1CBA-4DE9-915E-76ECBBE006F0}.Release|Any CPU.Build.0 = Release|Any CPU
		{BE719331-248B-454D-91D3-F6BFC96E8E22}.Debug|Any CPU.ActiveCfg = Debug|Any CPU
		{BE719331-248B-454D-91D3-F6BFC96E8E22}.Debug|Any CPU.Build.0 = Debug|Any CPU
		{BE719331-248B-454D-91D3-F6BFC96E8E22}.Release|Any CPU.ActiveCfg = Release|Any CPU
		{BE719331-248B-454D-91D3-F6BFC96E8E22}.Release|Any CPU.Build.0 = Release|Any CPU
		{0AA78A63-16F0-4D53-8363-374AB2D97549}.Debug|Any CPU.ActiveCfg = Debug|Any CPU
		{0AA78A63-16F0-4D53-8363-374AB2D97549}.Debug|Any CPU.Build.0 = Debug|Any CPU
		{0AA78A63-16F0-4D53-8363-374AB2D97549}.Release|Any CPU.ActiveCfg = Release|Any CPU
		{0AA78A63-16F0-4D53-8363-374AB2D97549}.Release|Any CPU.Build.0 = Release|Any CPU
	EndGlobalSection
	GlobalSection(SolutionProperties) = preSolution
		HideSolutionNode = FALSE
	EndGlobalSection
	GlobalSection(NestedProjects) = preSolution
		{0EBBC9E5-3D77-4395-A967-6AF57A096BB9} = {D2E93329-0E28-4F8F-935C-B261FC6D18A6}
		{3830FD42-8947-4BB3-BDC4-5035C7939082} = {D1492210-DEB1-4EB1-90E2-7F5304BC4F23}
		{BE20D187-3E5B-4376-985F-42A6324A1F5A} = {FF43B7E0-82D7-41CA-BB57-51F669713B2B}
		{253480F3-38EA-40BB-98E3-565E4F94872D} = {FF43B7E0-82D7-41CA-BB57-51F669713B2B}
		{9FAD9C13-0E72-44AD-B9CB-1D2FF76F7384} = {01C945C8-E3FB-4DE8-9E5C-4949508F643D}
		{5A4DE519-C4AE-4A41-BC64-02AD48656A24} = {40C929C9-C617-497F-9266-3ECEBE248B1A}
		{E49F5466-209A-4C96-9A81-DD2A7AA055FD} = {5865C7FE-CDA0-488A-9901-889DE422F36F}
		{456886F1-9449-457B-BCDE-42841BFEBA70} = {2599D14C-64CA-46B7-8F04-18BF866C48C3}
		{698BF55C-2978-40B0-975B-FFC1DA3801D2} = {DDA13AA2-EDF1-4E01-94EB-44377544D33E}
		{694E5F91-1CBA-4DE9-915E-76ECBBE006F0} = {FFF13649-87CC-4B7E-8C74-6957D1CCE49E}
		{BE719331-248B-454D-91D3-F6BFC96E8E22} = {501032FE-CB0D-4979-8292-839D132027F0}
		{0AA78A63-16F0-4D53-8363-374AB2D97549} = {33D612ED-06C9-4392-84E8-7822A3C64498}
	EndGlobalSection
	GlobalSection(ExtensibilityGlobals) = postSolution
		SolutionGuid = {904AEC09-BAFD-461C-A2CF-B5FDC2158E6C}
	EndGlobalSection
EndGlobal
